
Microsoft Visual Studio Solution File, Format Version 12.00
# Visual Studio 14
VisualStudioVersion = 14.0.25420.1
MinimumVisualStudioVersion = 10.0.40219.1
Project("{FAE04EC0-301F-11D3-BF4B-00C04F79EFBC}") = "WSBiblito", "WSBiblito\WSBiblito.csproj", "{4E709C9B-80F3-4043-8544-F647B5F1341F}"
EndProject
Project("{FAE04EC0-301F-11D3-BF4B-00C04F79EFBC}") = "PruebaBiblitoUser", "PruebaBiblitoUser\PruebaBiblitoUser.csproj", "{6BE20011-9F77-49A5-A3BF-F863DCB4E02A}"
	ProjectSection(ProjectDependencies) = postProject
		{4E709C9B-80F3-4043-8544-F647B5F1341F} = {4E709C9B-80F3-4043-8544-F647B5F1341F}
	EndProjectSection
EndProject
Global
	GlobalSection(SolutionConfigurationPlatforms) = preSolution
		Debug|Any CPU = Debug|Any CPU
		Release|Any CPU = Release|Any CPU
	EndGlobalSection
	GlobalSection(ProjectConfigurationPlatforms) = postSolution
		{4E709C9B-80F3-4043-8544-F647B5F1341F}.Debug|Any CPU.ActiveCfg = Debug|Any CPU
		{4E709C9B-80F3-4043-8544-F647B5F1341F}.Debug|Any CPU.Build.0 = Debug|Any CPU
		{4E709C9B-80F3-4043-8544-F647B5F1341F}.Release|Any CPU.ActiveCfg = Release|Any CPU
		{4E709C9B-80F3-4043-8544-F647B5F1341F}.Release|Any CPU.Build.0 = Release|Any CPU
		{6BE20011-9F77-49A5-A3BF-F863DCB4E02A}.Debug|Any CPU.ActiveCfg = Debug|Any CPU
		{6BE20011-9F77-49A5-A3BF-F863DCB4E02A}.Debug|Any CPU.Build.0 = Debug|Any CPU
		{6BE20011-9F77-49A5-A3BF-F863DCB4E02A}.Release|Any CPU.ActiveCfg = Release|Any CPU
		{6BE20011-9F77-49A5-A3BF-F863DCB4E02A}.Release|Any CPU.Build.0 = Release|Any CPU
	EndGlobalSection
	GlobalSection(SolutionProperties) = preSolution
		HideSolutionNode = FALSE
	EndGlobalSection
EndGlobal
